
Microsoft Visual Studio Solution File, Format Version 12.00
# Visual Studio 15
VisualStudioVersion = 15.0.27130.2036
MinimumVisualStudioVersion = 10.0.40219.1
Project("{FAE04EC0-301F-11D3-BF4B-00C04F79EFBC}") = "App9.Android", "App9\App9.Android\App9.Android.csproj", "{8208F642-BA48-48CB-9C8F-4194176510E0}"
EndProject
Project("{FAE04EC0-301F-11D3-BF4B-00C04F79EFBC}") = "App9.iOS", "App9\App9.iOS\App9.iOS.csproj", "{1E30F26A-CBC5-448F-A93C-96F2FE8AC365}"
EndProject
Project("{FAE04EC0-301F-11D3-BF4B-00C04F79EFBC}") = "App9.UWP", "App9\App9.UWP\App9.UWP.csproj", "{7AE10AD3-B30B-44B7-A9DA-94DFE8538D2F}"
EndProject
Project("{9A19103F-16F7-4668-BE54-9A1E7A4F7556}") = "App9", "App9\App9\App9.csproj", "{BB1916AD-635F-4EBB-BFBA-30EA7C8C7BD5}"
EndProject
Global
	GlobalSection(SolutionConfigurationPlatforms) = preSolution
		Ad-Hoc|Any CPU = Ad-Hoc|Any CPU
		Ad-Hoc|ARM = Ad-Hoc|ARM
		Ad-Hoc|iPhone = Ad-Hoc|iPhone
		Ad-Hoc|iPhoneSimulator = Ad-Hoc|iPhoneSimulator
		Ad-Hoc|x64 = Ad-Hoc|x64
		Ad-Hoc|x86 = Ad-Hoc|x86
		AppStore|Any CPU = AppStore|Any CPU
		AppStore|ARM = AppStore|ARM
		AppStore|iPhone = AppStore|iPhone
		AppStore|iPhoneSimulator = AppStore|iPhoneSimulator
		AppStore|x64 = AppStore|x64
		AppStore|x86 = AppStore|x86
		Debug|Any CPU = Debug|Any CPU
		Debug|ARM = Debug|ARM
		Debug|iPhone = Debug|iPhone
		Debug|iPhoneSimulator = Debug|iPhoneSimulator
		Debug|x64 = Debug|x64
		Debug|x86 = Debug|x86
		Release|Any CPU = Release|Any CPU
		Release|ARM = Release|ARM
		Release|iPhone = Release|iPhone
		Release|iPhoneSimulator = Release|iPhoneSimulator
		Release|x64 = Release|x64
		Release|x86 = Release|x86
	EndGlobalSection
	GlobalSection(ProjectConfigurationPlatforms) = postSolution
		{8208F642-BA48-48CB-9C8F-4194176510E0}.Ad-Hoc|Any CPU.ActiveCfg = Release|Any CPU
		{8208F642-BA48-48CB-9C8F-4194176510E0}.Ad-Hoc|Any CPU.Build.0 = Release|Any CPU
		{8208F642-BA48-48CB-9C8F-4194176510E0}.Ad-Hoc|Any CPU.Deploy.0 = Release|Any CPU
		{8208F642-BA48-48CB-9C8F-4194176510E0}.Ad-Hoc|ARM.ActiveCfg = Release|Any CPU
		{8208F642-BA48-48CB-9C8F-4194176510E0}.Ad-Hoc|ARM.Build.0 = Release|Any CPU
		{8208F642-BA48-48CB-9C8F-4194176510E0}.Ad-Hoc|ARM.Deploy.0 = Release|Any CPU
		{8208F642-BA48-48CB-9C8F-4194176510E0}.Ad-Hoc|iPhone.ActiveCfg = Release|Any CPU
		{8208F642-BA48-48CB-9C8F-4194176510E0}.Ad-Hoc|iPhone.Build.0 = Release|Any CPU
		{8208F642-BA48-48CB-9C8F-4194176510E0}.Ad-Hoc|iPhone.Deploy.0 = Release|Any CPU
		{8208F642-BA48-48CB-9C8F-4194176510E0}.Ad-Hoc|iPhoneSimulator.ActiveCfg = Release|Any CPU
		{8208F642-BA48-48CB-9C8F-4194176510E0}.Ad-Hoc|iPhoneSimulator.Build.0 = Release|Any CPU
		{8208F642-BA48-48CB-9C8F-4194176510E0}.Ad-Hoc|iPhoneSimulator.Deploy.0 = Release|Any CPU
		{8208F642-BA48-48CB-9C8F-4194176510E0}.Ad-Hoc|x64.ActiveCfg = Release|Any CPU
		{8208F642-BA48-48CB-9C8F-4194176510E0}.Ad-Hoc|x64.Build.0 = Release|Any CPU
		{8208F642-BA48-48CB-9C8F-4194176510E0}.Ad-Hoc|x64.Deploy.0 = Release|Any CPU
		{8208F642-BA48-48CB-9C8F-4194176510E0}.Ad-Hoc|x86.ActiveCfg = Release|Any CPU
		{8208F642-BA48-48CB-9C8F-4194176510E0}.Ad-Hoc|x86.Build.0 = Release|Any CPU
		{8208F642-BA48-48CB-9C8F-4194176510E0}.Ad-Hoc|x86.Deploy.0 = Release|Any CPU
		{8208F642-BA48-48CB-9C8F-4194176510E0}.AppStore|Any CPU.ActiveCfg = Release|Any CPU
		{8208F642-BA48-48CB-9C8F-4194176510E0}.AppStore|Any CPU.Build.0 = Release|Any CPU
		{8208F642-BA48-48CB-9C8F-4194176510E0}.AppStore|Any CPU.Deploy.0 = Release|Any CPU
		{8208F642-BA48-48CB-9C8F-4194176510E0}.AppStore|ARM.ActiveCfg = Release|Any CPU
		{8208F642-BA48-48CB-9C8F-4194176510E0}.AppStore|ARM.Build.0 = Release|Any CPU
		{8208F642-BA48-48CB-9C8F-4194176510E0}.AppStore|ARM.Deploy.0 = Release|Any CPU
		{8208F642-BA48-48CB-9C8F-4194176510E0}.AppStore|iPhone.ActiveCfg = Release|Any CPU
		{8208F642-BA48-48CB-9C8F-4194176510E0}.AppStore|iPhone.Build.0 = Release|Any CPU
		{8208F642-BA48-48CB-9C8F-4194176510E0}.AppStore|iPhone.Deploy.0 = Release|Any CPU
		{8208F642-BA48-48CB-9C8F-4194176510E0}.AppStore|iPhoneSimulator.ActiveCfg = Release|Any CPU
		{8208F642-BA48-48CB-9C8F-4194176510E0}.AppStore|iPhoneSimulator.Build.0 = Release|Any CPU
		{8208F642-BA48-48CB-9C8F-4194176510E0}.AppStore|iPhoneSimulator.Deploy.0 = Release|Any CPU
		{8208F642-BA48-48CB-9C8F-4194176510E0}.AppStore|x64.ActiveCfg = Release|Any CPU
		{8208F642-BA48-48CB-9C8F-4194176510E0}.AppStore|x64.Build.0 = Release|Any CPU
		{8208F642-BA48-48CB-9C8F-4194176510E0}.AppStore|x64.Deploy.0 = Release|Any CPU
		{8208F642-BA48-48CB-9C8F-4194176510E0}.AppStore|x86.ActiveCfg = Release|Any CPU
		{8208F642-BA48-48CB-9C8F-4194176510E0}.AppStore|x86.Build.0 = Release|Any CPU
		{8208F642-BA48-48CB-9C8F-4194176510E0}.AppStore|x86.Deploy.0 = Release|Any CPU
		{8208F642-BA48-48CB-9C8F-4194176510E0}.Debug|Any CPU.ActiveCfg = Debug|Any CPU
		{8208F642-BA48-48CB-9C8F-4194176510E0}.Debug|Any CPU.Build.0 = Debug|Any CPU
		{8208F642-BA48-48CB-9C8F-4194176510E0}.Debug|Any CPU.Deploy.0 = Debug|Any CPU
		{8208F642-BA48-48CB-9C8F-4194176510E0}.Debug|ARM.ActiveCfg = Debug|Any CPU
		{8208F642-BA48-48CB-9C8F-4194176510E0}.Debug|ARM.Build.0 = Debug|Any CPU
		{8208F642-BA48-48CB-9C8F-4194176510E0}.Debug|ARM.Deploy.0 = Debug|Any CPU
		{8208F642-BA48-48CB-9C8F-4194176510E0}.Debug|iPhone.ActiveCfg = Debug|Any CPU
		{8208F642-BA48-48CB-9C8F-4194176510E0}.Debug|iPhone.Build.0 = Debug|Any CPU
		{8208F642-BA48-48CB-9C8F-4194176510E0}.Debug|iPhone.Deploy.0 = Debug|Any CPU
		{8208F642-BA48-48CB-9C8F-4194176510E0}.Debug|iPhoneSimulator.ActiveCfg = Debug|Any CPU
		{8208F642-BA48-48CB-9C8F-4194176510E0}.Debug|iPhoneSimulator.Build.0 = Debug|Any CPU
		{8208F642-BA48-48CB-9C8F-4194176510E0}.Debug|iPhoneSimulator.Deploy.0 = Debug|Any CPU
		{8208F642-BA48-48CB-9C8F-4194176510E0}.Debug|x64.ActiveCfg = Debug|Any CPU
		{8208F642-BA48-48CB-9C8F-4194176510E0}.Debug|x64.Build.0 = Debug|Any CPU
		{8208F642-BA48-48CB-9C8F-4194176510E0}.Debug|x64.Deploy.0 = Debug|Any CPU
		{8208F642-BA48-48CB-9C8F-4194176510E0}.Debug|x86.ActiveCfg = Debug|Any CPU
		{8208F642-BA48-48CB-9C8F-4194176510E0}.Debug|x86.Build.0 = Debug|Any CPU
		{8208F642-BA48-48CB-9C8F-4194176510E0}.Debug|x86.Deploy.0 = Debug|Any CPU
		{8208F642-BA48-48CB-9C8F-4194176510E0}.Release|Any CPU.ActiveCfg = Release|Any CPU
		{8208F642-BA48-48CB-9C8F-4194176510E0}.Release|Any CPU.Build.0 = Release|Any CPU
		{8208F642-BA48-48CB-9C8F-4194176510E0}.Release|Any CPU.Deploy.0 = Release|Any CPU
		{8208F642-BA48-48CB-9C8F-4194176510E0}.Release|ARM.ActiveCfg = Release|Any CPU
		{8208F642-BA48-48CB-9C8F-4194176510E0}.Release|ARM.Build.0 = Release|Any CPU
		{8208F642-BA48-48CB-9C8F-4194176510E0}.Release|ARM.Deploy.0 = Release|Any CPU
		{8208F642-BA48-48CB-9C8F-4194176510E0}.Release|iPhone.ActiveCfg = Release|Any CPU
		{8208F642-BA48-48CB-9C8F-4194176510E0}.Release|iPhone.Build.0 = Release|Any CPU
		{8208F642-BA48-48CB-9C8F-4194176510E0}.Release|iPhone.Deploy.0 = Release|Any CPU
		{8208F642-BA48-48CB-9C8F-4194176510E0}.Release|iPhoneSimulator.ActiveCfg = Release|Any CPU
		{8208F642-BA48-48CB-9C8F-4194176510E0}.Release|iPhoneSimulator.Build.0 = Release|Any CPU
		{8208F642-BA48-48CB-9C8F-4194176510E0}.Release|iPhoneSimulator.Deploy.0 = Release|Any CPU
		{8208F642-BA48-48CB-9C8F-4194176510E0}.Release|x64.ActiveCfg = Release|Any CPU
		{8208F642-BA48-48CB-9C8F-4194176510E0}.Release|x64.Build.0 = Release|Any CPU
		{8208F642-BA48-48CB-9C8F-4194176510E0}.Release|x64.Deploy.0 = Release|Any CPU
		{8208F642-BA48-48CB-9C8F-4194176510E0}.Release|x86.ActiveCfg = Release|Any CPU
		{8208F642-BA48-48CB-9C8F-4194176510E0}.Release|x86.Build.0 = Release|Any CPU
		{8208F642-BA48-48CB-9C8F-4194176510E0}.Release|x86.Deploy.0 = Release|Any CPU
		{1E30F26A-CBC5-448F-A93C-96F2FE8AC365}.Ad-Hoc|Any CPU.ActiveCfg = Ad-Hoc|iPhone
		{1E30F26A-CBC5-448F-A93C-96F2FE8AC365}.Ad-Hoc|ARM.ActiveCfg = Ad-Hoc|iPhone
		{1E30F26A-CBC5-448F-A93C-96F2FE8AC365}.Ad-Hoc|iPhone.ActiveCfg = Ad-Hoc|iPhone
		{1E30F26A-CBC5-448F-A93C-96F2FE8AC365}.Ad-Hoc|iPhone.Build.0 = Ad-Hoc|iPhone
		{1E30F26A-CBC5-448F-A93C-96F2FE8AC365}.Ad-Hoc|iPhoneSimulator.ActiveCfg = Ad-Hoc|iPhoneSimulator
		{1E30F26A-CBC5-448F-A93C-96F2FE8AC365}.Ad-Hoc|iPhoneSimulator.Build.0 = Ad-Hoc|iPhoneSimulator
		{1E30F26A-CBC5-448F-A93C-96F2FE8AC365}.Ad-Hoc|x64.ActiveCfg = Ad-Hoc|iPhone
		{1E30F26A-CBC5-448F-A93C-96F2FE8AC365}.Ad-Hoc|x86.ActiveCfg = Ad-Hoc|iPhone
		{1E30F26A-CBC5-448F-A93C-96F2FE8AC365}.AppStore|Any CPU.ActiveCfg = AppStore|iPhone
		{1E30F26A-CBC5-448F-A93C-96F2FE8AC365}.AppStore|ARM.ActiveCfg = AppStore|iPhone
		{1E30F26A-CBC5-448F-A93C-96F2FE8AC365}.AppStore|iPhone.ActiveCfg = AppStore|iPhone
		{1E30F26A-CBC5-448F-A93C-96F2FE8AC365}.AppStore|iPhone.Build.0 = AppStore|iPhone
		{1E30F26A-CBC5-448F-A93C-96F2FE8AC365}.AppStore|iPhoneSimulator.ActiveCfg = AppStore|iPhoneSimulator
		{1E30F26A-CBC5-448F-A93C-96F2FE8AC365}.AppStore|iPhoneSimulator.Build.0 = AppStore|iPhoneSimulator
		{1E30F26A-CBC5-448F-A93C-96F2FE8AC365}.AppStore|x64.ActiveCfg = AppStore|iPhone
		{1E30F26A-CBC5-448F-A93C-96F2FE8AC365}.AppStore|x86.ActiveCfg = AppStore|iPhone
		{1E30F26A-CBC5-448F-A93C-96F2FE8AC365}.Debug|Any CPU.ActiveCfg = Debug|iPhone
		{1E30F26A-CBC5-448F-A93C-96F2FE8AC365}.Debug|ARM.ActiveCfg = Debug|iPhone
		{1E30F26A-CBC5-448F-A93C-96F2FE8AC365}.Debug|iPhone.ActiveCfg = Debug|iPhone
		{1E30F26A-CBC5-448F-A93C-96F2FE8AC365}.Debug|iPhone.Build.0 = Debug|iPhone
		{1E30F26A-CBC5-448F-A93C-96F2FE8AC365}.Debug|iPhoneSimulator.ActiveCfg = Debug|iPhoneSimulator
		{1E30F26A-CBC5-448F-A93C-96F2FE8AC365}.Debug|iPhoneSimulator.Build.0 = Debug|iPhoneSimulator
		{1E30F26A-CBC5-448F-A93C-96F2FE8AC365}.Debug|x64.ActiveCfg = Debug|iPhone
		{1E30F26A-CBC5-448F-A93C-96F2FE8AC365}.Debug|x86.ActiveCfg = Debug|iPhone
		{1E30F26A-CBC5-448F-A93C-96F2FE8AC365}.Release|Any CPU.ActiveCfg = Release|iPhone
		{1E30F26A-CBC5-448F-A93C-96F2FE8AC365}.Release|ARM.ActiveCfg = Release|iPhone
		{1E30F26A-CBC5-448F-A93C-96F2FE8AC365}.Release|iPhone.ActiveCfg = Release|iPhone
		{1E30F26A-CBC5-448F-A93C-96F2FE8AC365}.Release|iPhone.Build.0 = Release|iPhone
		{1E30F26A-CBC5-448F-A93C-96F2FE8AC365}.Release|iPhoneSimulator.ActiveCfg = Release|iPhoneSimulator
		{1E30F26A-CBC5-448F-A93C-96F2FE8AC365}.Release|iPhoneSimulator.Build.0 = Release|iPhoneSimulator
		{1E30F26A-CBC5-448F-A93C-96F2FE8AC365}.Release|x64.ActiveCfg = Release|iPhone
		{1E30F26A-CBC5-448F-A93C-96F2FE8AC365}.Release|x86.ActiveCfg = Release|iPhone
		{7AE10AD3-B30B-44B7-A9DA-94DFE8538D2F}.Ad-Hoc|Any CPU.ActiveCfg = Release|x86
		{7AE10AD3-B30B-44B7-A9DA-94DFE8538D2F}.Ad-Hoc|Any CPU.Build.0 = Release|x86
		{7AE10AD3-B30B-44B7-A9DA-94DFE8538D2F}.Ad-Hoc|Any CPU.Deploy.0 = Release|x86
		{7AE10AD3-B30B-44B7-A9DA-94DFE8538D2F}.Ad-Hoc|ARM.ActiveCfg = Release|ARM
		{7AE10AD3-B30B-44B7-A9DA-94DFE8538D2F}.Ad-Hoc|ARM.Build.0 = Release|ARM
		{7AE10AD3-B30B-44B7-A9DA-94DFE8538D2F}.Ad-Hoc|ARM.Deploy.0 = Release|ARM
		{7AE10AD3-B30B-44B7-A9DA-94DFE8538D2F}.Ad-Hoc|iPhone.ActiveCfg = Release|x86
		{7AE10AD3-B30B-44B7-A9DA-94DFE8538D2F}.Ad-Hoc|iPhone.Build.0 = Release|x86
		{7AE10AD3-B30B-44B7-A9DA-94DFE8538D2F}.Ad-Hoc|iPhone.Deploy.0 = Release|x86
		{7AE10AD3-B30B-44B7-A9DA-94DFE8538D2F}.Ad-Hoc|iPhoneSimulator.ActiveCfg = Release|x86
		{7AE10AD3-B30B-44B7-A9DA-94DFE8538D2F}.Ad-Hoc|iPhoneSimulator.Build.0 = Release|x86
		{7AE10AD3-B30B-44B7-A9DA-94DFE8538D2F}.Ad-Hoc|iPhoneSimulator.Deploy.0 = Release|x86
		{7AE10AD3-B30B-44B7-A9DA-94DFE8538D2F}.Ad-Hoc|x64.ActiveCfg = Release|x64
		{7AE10AD3-B30B-44B7-A9DA-94DFE8538D2F}.Ad-Hoc|x64.Build.0 = Release|x64
		{7AE10AD3-B30B-44B7-A9DA-94DFE8538D2F}.Ad-Hoc|x64.Deploy.0 = Release|x64
		{7AE10AD3-B30B-44B7-A9DA-94DFE8538D2F}.Ad-Hoc|x86.ActiveCfg = Release|x86
		{7AE10AD3-B30B-44B7-A9DA-94DFE8538D2F}.Ad-Hoc|x86.Build.0 = Release|x86
		{7AE10AD3-B30B-44B7-A9DA-94DFE8538D2F}.Ad-Hoc|x86.Deploy.0 = Release|x86
		{7AE10AD3-B30B-44B7-A9DA-94DFE8538D2F}.AppStore|Any CPU.ActiveCfg = Release|x86
		{7AE10AD3-B30B-44B7-A9DA-94DFE8538D2F}.AppStore|Any CPU.Build.0 = Release|x86
		{7AE10AD3-B30B-44B7-A9DA-94DFE8538D2F}.AppStore|Any CPU.Deploy.0 = Release|x86
		{7AE10AD3-B30B-44B7-A9DA-94DFE8538D2F}.AppStore|ARM.ActiveCfg = Release|ARM
		{7AE10AD3-B30B-44B7-A9DA-94DFE8538D2F}.AppStore|ARM.Build.0 = Release|ARM
		{7AE10AD3-B30B-44B7-A9DA-94DFE8538D2F}.AppStore|ARM.Deploy.0 = Release|ARM
		{7AE10AD3-B30B-44B7-A9DA-94DFE8538D2F}.AppStore|iPhone.ActiveCfg = Release|x86
		{7AE10AD3-B30B-44B7-A9DA-94DFE8538D2F}.AppStore|iPhone.Build.0 = Release|x86
		{7AE10AD3-B30B-44B7-A9DA-94DFE8538D2F}.AppStore|iPhone.Deploy.0 = Release|x86
		{7AE10AD3-B30B-44B7-A9DA-94DFE8538D2F}.AppStore|iPhoneSimulator.ActiveCfg = Release|x86
		{7AE10AD3-B30B-44B7-A9DA-94DFE8538D2F}.AppStore|iPhoneSimulator.Build.0 = Release|x86
		{7AE10AD3-B30B-44B7-A9DA-94DFE8538D2F}.AppStore|iPhoneSimulator.Deploy.0 = Release|x86
		{7AE10AD3-B30B-44B7-A9DA-94DFE8538D2F}.AppStore|x64.ActiveCfg = Release|x64
		{7AE10AD3-B30B-44B7-A9DA-94DFE8538D2F}.AppStore|x64.Build.0 = Release|x64
		{7AE10AD3-B30B-44B7-A9DA-94DFE8538D2F}.AppStore|x64.Deploy.0 = Release|x64
		{7AE10AD3-B30B-44B7-A9DA-94DFE8538D2F}.AppStore|x86.ActiveCfg = Release|x86
		{7AE10AD3-B30B-44B7-A9DA-94DFE8538D2F}.AppStore|x86.Build.0 = Release|x86
		{7AE10AD3-B30B-44B7-A9DA-94DFE8538D2F}.AppStore|x86.Deploy.0 = Release|x86
		{7AE10AD3-B30B-44B7-A9DA-94DFE8538D2F}.Debug|Any CPU.ActiveCfg = Debug|x86
		{7AE10AD3-B30B-44B7-A9DA-94DFE8538D2F}.Debug|ARM.ActiveCfg = Debug|ARM
		{7AE10AD3-B30B-44B7-A9DA-94DFE8538D2F}.Debug|ARM.Build.0 = Debug|ARM
		{7AE10AD3-B30B-44B7-A9DA-94DFE8538D2F}.Debug|ARM.Deploy.0 = Debug|ARM
		{7AE10AD3-B30B-44B7-A9DA-94DFE8538D2F}.Debug|iPhone.ActiveCfg = Debug|x86
		{7AE10AD3-B30B-44B7-A9DA-94DFE8538D2F}.Debug|iPhoneSimulator.ActiveCfg = Debug|x86
		{7AE10AD3-B30B-44B7-A9DA-94DFE8538D2F}.Debug|x64.ActiveCfg = Debug|x64
		{7AE10AD3-B30B-44B7-A9DA-94DFE8538D2F}.Debug|x64.Build.0 = Debug|x64
		{7AE10AD3-B30B-44B7-A9DA-94DFE8538D2F}.Debug|x64.Deploy.0 = Debug|x64
		{7AE10AD3-B30B-44B7-A9DA-94DFE8538D2F}.Debug|x86.ActiveCfg = Debug|x86
		{7AE10AD3-B30B-44B7-A9DA-94DFE8538D2F}.Debug|x86.Build.0 = Debug|x86
		{7AE10AD3-B30B-44B7-A9DA-94DFE8538D2F}.Debug|x86.Deploy.0 = Debug|x86
		{7AE10AD3-B30B-44B7-A9DA-94DFE8538D2F}.Release|Any CPU.ActiveCfg = Release|x86
		{7AE10AD3-B30B-44B7-A9DA-94DFE8538D2F}.Release|ARM.ActiveCfg = Release|ARM
		{7AE10AD3-B30B-44B7-A9DA-94DFE8538D2F}.Release|ARM.Build.0 = Release|ARM
		{7AE10AD3-B30B-44B7-A9DA-94DFE8538D2F}.Release|ARM.Deploy.0 = Release|ARM
		{7AE10AD3-B30B-44B7-A9DA-94DFE8538D2F}.Release|iPhone.ActiveCfg = Release|x86
		{7AE10AD3-B30B-44B7-A9DA-94DFE8538D2F}.Release|iPhoneSimulator.ActiveCfg = Release|x86
		{7AE10AD3-B30B-44B7-A9DA-94DFE8538D2F}.Release|x64.ActiveCfg = Release|x64
		{7AE10AD3-B30B-44B7-A9DA-94DFE8538D2F}.Release|x64.Build.0 = Release|x64
		{7AE10AD3-B30B-44B7-A9DA-94DFE8538D2F}.Release|x64.Deploy.0 = Release|x64
		{7AE10AD3-B30B-44B7-A9DA-94DFE8538D2F}.Release|x86.ActiveCfg = Release|x86
		{7AE10AD3-B30B-44B7-A9DA-94DFE8538D2F}.Release|x86.Build.0 = Release|x86
		{7AE10AD3-B30B-44B7-A9DA-94DFE8538D2F}.Release|x86.Deploy.0 = Release|x86
		{BB1916AD-635F-4EBB-BFBA-30EA7C8C7BD5}.Ad-Hoc|Any CPU.ActiveCfg = Debug|Any CPU
		{BB1916AD-635F-4EBB-BFBA-30EA7C8C7BD5}.Ad-Hoc|Any CPU.Build.0 = Debug|Any CPU
		{BB1916AD-635F-4EBB-BFBA-30EA7C8C7BD5}.Ad-Hoc|ARM.ActiveCfg = Debug|Any CPU
		{BB1916AD-635F-4EBB-BFBA-30EA7C8C7BD5}.Ad-Hoc|ARM.Build.0 = Debug|Any CPU
		{BB1916AD-635F-4EBB-BFBA-30EA7C8C7BD5}.Ad-Hoc|iPhone.ActiveCfg = Debug|Any CPU
		{BB1916AD-635F-4EBB-BFBA-30EA7C8C7BD5}.Ad-Hoc|iPhone.Build.0 = Debug|Any CPU
		{BB1916AD-635F-4EBB-BFBA-30EA7C8C7BD5}.Ad-Hoc|iPhoneSimulator.ActiveCfg = Debug|Any CPU
		{BB1916AD-635F-4EBB-BFBA-30EA7C8C7BD5}.Ad-Hoc|iPhoneSimulator.Build.0 = Debug|Any CPU
		{BB1916AD-635F-4EBB-BFBA-30EA7C8C7BD5}.Ad-Hoc|x64.ActiveCfg = Debug|Any CPU
		{BB1916AD-635F-4EBB-BFBA-30EA7C8C7BD5}.Ad-Hoc|x64.Build.0 = Debug|Any CPU
		{BB1916AD-635F-4EBB-BFBA-30EA7C8C7BD5}.Ad-Hoc|x86.ActiveCfg = Debug|Any CPU
		{BB1916AD-635F-4EBB-BFBA-30EA7C8C7BD5}.Ad-Hoc|x86.Build.0 = Debug|Any CPU
		{BB1916AD-635F-4EBB-BFBA-30EA7C8C7BD5}.AppStore|Any CPU.ActiveCfg = Debug|Any CPU
		{BB1916AD-635F-4EBB-BFBA-30EA7C8C7BD5}.AppStore|Any CPU.Build.0 = Debug|Any CPU
		{BB1916AD-635F-4EBB-BFBA-30EA7C8C7BD5}.AppStore|ARM.ActiveCfg = Debug|Any CPU
		{BB1916AD-635F-4EBB-BFBA-30EA7C8C7BD5}.AppStore|ARM.Build.0 = Debug|Any CPU
		{BB1916AD-635F-4EBB-BFBA-30EA7C8C7BD5}.AppStore|iPhone.ActiveCfg = Debug|Any CPU
		{BB1916AD-635F-4EBB-BFBA-30EA7C8C7BD5}.AppStore|iPhone.Build.0 = Debug|Any CPU
		{BB1916AD-635F-4EBB-BFBA-30EA7C8C7BD5}.AppStore|iPhoneSimulator.ActiveCfg = Debug|Any CPU
		{BB1916AD-635F-4EBB-BFBA-30EA7C8C7BD5}.AppStore|iPhoneSimulator.Build.0 = Debug|Any CPU
		{BB1916AD-635F-4EBB-BFBA-30EA7C8C7BD5}.AppStore|x64.ActiveCfg = Debug|Any CPU
		{BB1916AD-635F-4EBB-BFBA-30EA7C8C7BD5}.AppStore|x64.Build.0 = Debug|Any CPU
		{BB1916AD-635F-4EBB-BFBA-30EA7C8C7BD5}.AppStore|x86.ActiveCfg = Debug|Any CPU
		{BB1916AD-635F-4EBB-BFBA-30EA7C8C7BD5}.AppStore|x86.Build.0 = Debug|Any CPU
		{BB1916AD-635F-4EBB-BFBA-30EA7C8C7BD5}.Debug|Any CPU.ActiveCfg = Debug|Any CPU
		{BB1916AD-635F-4EBB-BFBA-30EA7C8C7BD5}.Debug|Any CPU.Build.0 = Debug|Any CPU
		{BB1916AD-635F-4EBB-BFBA-30EA7C8C7BD5}.Debug|ARM.ActiveCfg = Debug|Any CPU
		{BB1916AD-635F-4EBB-BFBA-30EA7C8C7BD5}.Debug|ARM.Build.0 = Debug|Any CPU
		{BB1916AD-635F-4EBB-BFBA-30EA7C8C7BD5}.Debug|iPhone.ActiveCfg = Debug|Any CPU
		{BB1916AD-635F-4EBB-BFBA-30EA7C8C7BD5}.Debug|iPhone.Build.0 = Debug|Any CPU
		{BB1916AD-635F-4EBB-BFBA-30EA7C8C7BD5}.Debug|iPhoneSimulator.ActiveCfg = Debug|Any CPU
		{BB1916AD-635F-4EBB-BFBA-30EA7C8C7BD5}.Debug|iPhoneSimulator.Build.0 = Debug|Any CPU
		{BB1916AD-635F-4EBB-BFBA-30EA7C8C7BD5}.Debug|x64.ActiveCfg = Debug|Any CPU
		{BB1916AD-635F-4EBB-BFBA-30EA7C8C7BD5}.Debug|x64.Build.0 = Debug|Any CPU
		{BB1916AD-635F-4EBB-BFBA-30EA7C8C7BD5}.Debug|x86.ActiveCfg = Debug|Any CPU
		{BB1916AD-635F-4EBB-BFBA-30EA7C8C7BD5}.Debug|x86.Build.0 = Debug|Any CPU
		{BB1916AD-635F-4EBB-BFBA-30EA7C8C7BD5}.Release|Any CPU.ActiveCfg = Release|Any CPU
		{BB1916AD-635F-4EBB-BFBA-30EA7C8C7BD5}.Release|Any CPU.Build.0 = Release|Any CPU
		{BB1916AD-635F-4EBB-BFBA-30EA7C8C7BD5}.Release|ARM.ActiveCfg = Release|Any CPU
		{BB1916AD-635F-4EBB-BFBA-30EA7C8C7BD5}.Release|ARM.Build.0 = Release|Any CPU
		{BB1916AD-635F-4EBB-BFBA-30EA7C8C7BD5}.Release|iPhone.ActiveCfg = Release|Any CPU
		{BB1916AD-635F-4EBB-BFBA-30EA7C8C7BD5}.Release|iPhone.Build.0 = Release|Any CPU
		{BB1916AD-635F-4EBB-BFBA-30EA7C8C7BD5}.Release|iPhoneSimulator.ActiveCfg = Release|Any CPU
		{BB1916AD-635F-4EBB-BFBA-30EA7C8C7BD5}.Release|iPhoneSimulator.Build.0 = Release|Any CPU
		{BB1916AD-635F-4EBB-BFBA-30EA7C8C7BD5}.Release|x64.ActiveCfg = Release|Any CPU
		{BB1916AD-635F-4EBB-BFBA-30EA7C8C7BD5}.Release|x64.Build.0 = Release|Any CPU
		{BB1916AD-635F-4EBB-BFBA-30EA7C8C7BD5}.Release|x86.ActiveCfg = Release|Any CPU
		{BB1916AD-635F-4EBB-BFBA-30EA7C8C7BD5}.Release|x86.Build.0 = Release|Any CPU
	EndGlobalSection
	GlobalSection(SolutionProperties) = preSolution
		HideSolutionNode = FALSE
	EndGlobalSection
	GlobalSection(ExtensibilityGlobals) = postSolution
		SolutionGuid = {A71260CC-0315-44B7-AC4E-410276596B3D}
	EndGlobalSection
EndGlobal
